
Microsoft Visual Studio Solution File, Format Version 12.00
# Visual Studio Version 17
VisualStudioVersion = 17.14.36408.4 d17.14
MinimumVisualStudioVersion = 10.0.40219.1
Project("{FAE04EC0-301F-11D3-BF4B-00C04F79EFBC}") = "OrderDispatcher.CatalogService.Dal", "OrderDispatcher.CatalogService.Dal\OrderDispatcher.CatalogService.Dal.csproj", "{97F50D2C-F6B5-4115-B406-F9B7BD75AAAE}"
EndProject
Project("{FAE04EC0-301F-11D3-BF4B-00C04F79EFBC}") = "OrderDispatcher.CatalogService.Core", "OrderDispatcher.CatalogService.Core\OrderDispatcher.CatalogService.Core.csproj", "{A9B4B456-297F-4B07-927B-516FAFBBE96B}"
EndProject
Project("{FAE04EC0-301F-11D3-BF4B-00C04F79EFBC}") = "OrderDispatcher.CatalogService.Entities", "OrderDispatcher.CatalogService.Entities\OrderDispatcher.CatalogService.Entities.csproj", "{E7FF1FE3-1061-4070-ACD4-3E0E83006015}"
EndProject
Project("{FAE04EC0-301F-11D3-BF4B-00C04F79EFBC}") = "OrderDispatcher.CatalogService.API", "OrderDispatcher.CatalogService.API\OrderDispatcher.CatalogService.API.csproj", "{E180BCFC-1CF9-49FB-A784-8ED4ECE2C6B8}"
EndProject
Global
	GlobalSection(SolutionConfigurationPlatforms) = preSolution
		Debug|Any CPU = Debug|Any CPU
		Release|Any CPU = Release|Any CPU
	EndGlobalSection
	GlobalSection(ProjectConfigurationPlatforms) = postSolution
		{97F50D2C-F6B5-4115-B406-F9B7BD75AAAE}.Debug|Any CPU.ActiveCfg = Debug|Any CPU
		{97F50D2C-F6B5-4115-B406-F9B7BD75AAAE}.Debug|Any CPU.Build.0 = Debug|Any CPU
		{97F50D2C-F6B5-4115-B406-F9B7BD75AAAE}.Release|Any CPU.ActiveCfg = Release|Any CPU
		{97F50D2C-F6B5-4115-B406-F9B7BD75AAAE}.Release|Any CPU.Build.0 = Release|Any CPU
		{A9B4B456-297F-4B07-927B-516FAFBBE96B}.Debug|Any CPU.ActiveCfg = Debug|Any CPU
		{A9B4B456-297F-4B07-927B-516FAFBBE96B}.Debug|Any CPU.Build.0 = Debug|Any CPU
		{A9B4B456-297F-4B07-927B-516FAFBBE96B}.Release|Any CPU.ActiveCfg = Release|Any CPU
		{A9B4B456-297F-4B07-927B-516FAFBBE96B}.Release|Any CPU.Build.0 = Release|Any CPU
		{E7FF1FE3-1061-4070-ACD4-3E0E83006015}.Debug|Any CPU.ActiveCfg = Debug|Any CPU
		{E7FF1FE3-1061-4070-ACD4-3E0E83006015}.Debug|Any CPU.Build.0 = Debug|Any CPU
		{E7FF1FE3-1061-4070-ACD4-3E0E83006015}.Release|Any CPU.ActiveCfg = Release|Any CPU
		{E7FF1FE3-1061-4070-ACD4-3E0E83006015}.Release|Any CPU.Build.0 = Release|Any CPU
		{E180BCFC-1CF9-49FB-A784-8ED4ECE2C6B8}.Debug|Any CPU.ActiveCfg = Debug|Any CPU
		{E180BCFC-1CF9-49FB-A784-8ED4ECE2C6B8}.Debug|Any CPU.Build.0 = Debug|Any CPU
		{E180BCFC-1CF9-49FB-A784-8ED4ECE2C6B8}.Release|Any CPU.ActiveCfg = Release|Any CPU
		{E180BCFC-1CF9-49FB-A784-8ED4ECE2C6B8}.Release|Any CPU.Build.0 = Release|Any CPU
	EndGlobalSection
	GlobalSection(SolutionProperties) = preSolution
		HideSolutionNode = FALSE
	EndGlobalSection
	GlobalSection(ExtensibilityGlobals) = postSolution
		SolutionGuid = {6B1CE11E-4D92-4481-A68B-5C6B50D60A4B}
	EndGlobalSection
EndGlobal
